{
  "requires": true,
  "lockfileVersion": 1,
  "dependencies": {
    "@types/faker": {
      "version": "5.5.7",
      "resolved": "https://registry.npmjs.org/@types/faker/-/faker-5.5.7.tgz",
      "integrity": "sha512-ejzb61Q5zQTtS0ZIafgQ7ahO5ACzmGhG5PfX2hxWyth3k0/aysb4ZOxKQB8DbzwSPppA5jmFBwqnBxjv5hqI5Q=="
    },
    "@types/node": {
      "version": "16.3.3",
      "resolved": "https://registry.npmjs.org/@types/node/-/node-16.3.3.tgz",
      "integrity": "sha512-8h7k1YgQKxKXWckzFCMfsIwn0Y61UK6tlD6y2lOb3hTOIMlK3t9/QwHOhc81TwU+RMf0As5fj7NPjroERCnejQ==",
      "dev": true
    },
    "faker": {
      "version": "5.5.3",
      "resolved": "https://registry.npmjs.org/faker/-/faker-5.5.3.tgz",
      "integrity": "sha512-wLTv2a28wjUyWkbnX7u/ABZBkUkIF2fCd73V6P2oFqEGEktDfzWx4UxrSqtPRw0xPRAcjeAOIiJWqZm3pP4u3g=="
    },
    "tslib": {
      "version": "2.3.0",
      "resolved": "https://registry.npmjs.org/tslib/-/tslib-2.3.0.tgz",
      "integrity": "sha512-N82ooyxVNm6h1riLCoyS9e3fuJ3AMG2zIZs2Gd1ATcSFjSA23Q0fzjjZeh0jbJvWVDZ0cJT8yaNNaaXHzueNjg==",
      "dev": true
    },
    "typescript": {
      "version": "4.3.5",
      "resolved": "https://registry.npmjs.org/typescript/-/typescript-4.3.5.tgz",
      "integrity": "sha512-DqQgihaQ9cUrskJo9kIyW/+g0Vxsk8cDtZ52a3NGh0YNTfpUSArXSohyUGnvbPazEPLu398C0UxmKSOrPumUzA==",
      "dev": true
    }
  }
}
